
Microsoft Visual Studio Solution File, Format Version 12.00
# Visual Studio 2013
VisualStudioVersion = 12.0.21005.1
MinimumVisualStudioVersion = 10.0.40219.1
Project("{FAE04EC0-301F-11D3-BF4B-00C04F79EFBC}") = "RAT.Backend.Api", "RAT.Backend.Api\RAT.Backend.Api.csproj", "{E1E863ED-0405-488F-B70E-1A9E1DBC283F}"
EndProject
Project("{FAE04EC0-301F-11D3-BF4B-00C04F79EFBC}") = "Data", "Data\Data.csproj", "{30B17875-42F8-4381-8713-C40BE67C94CE}"
EndProject
Project("{FAE04EC0-301F-11D3-BF4B-00C04F79EFBC}") = "RAT.Commons", "RAT.Commons\RAT.Commons.csproj", "{B4418403-5FC4-4E2D-9F35-242EA7A20840}"
EndProject
Global
	GlobalSection(SolutionConfigurationPlatforms) = preSolution
		Debug|Any CPU = Debug|Any CPU
		Release|Any CPU = Release|Any CPU
	EndGlobalSection
	GlobalSection(ProjectConfigurationPlatforms) = postSolution
		{E1E863ED-0405-488F-B70E-1A9E1DBC283F}.Debug|Any CPU.ActiveCfg = Debug|Any CPU
		{E1E863ED-0405-488F-B70E-1A9E1DBC283F}.Debug|Any CPU.Build.0 = Debug|Any CPU
		{E1E863ED-0405-488F-B70E-1A9E1DBC283F}.Release|Any CPU.ActiveCfg = Release|Any CPU
		{E1E863ED-0405-488F-B70E-1A9E1DBC283F}.Release|Any CPU.Build.0 = Release|Any CPU
		{30B17875-42F8-4381-8713-C40BE67C94CE}.Debug|Any CPU.ActiveCfg = Debug|Any CPU
		{30B17875-42F8-4381-8713-C40BE67C94CE}.Debug|Any CPU.Build.0 = Debug|Any CPU
		{30B17875-42F8-4381-8713-C40BE67C94CE}.Release|Any CPU.ActiveCfg = Release|Any CPU
		{30B17875-42F8-4381-8713-C40BE67C94CE}.Release|Any CPU.Build.0 = Release|Any CPU
		{B4418403-5FC4-4E2D-9F35-242EA7A20840}.Debug|Any CPU.ActiveCfg = Debug|Any CPU
		{B4418403-5FC4-4E2D-9F35-242EA7A20840}.Debug|Any CPU.Build.0 = Debug|Any CPU
		{B4418403-5FC4-4E2D-9F35-242EA7A20840}.Release|Any CPU.ActiveCfg = Release|Any CPU
		{B4418403-5FC4-4E2D-9F35-242EA7A20840}.Release|Any CPU.Build.0 = Release|Any CPU
	EndGlobalSection
	GlobalSection(SolutionProperties) = preSolution
		HideSolutionNode = FALSE
	EndGlobalSection
EndGlobal
